
Microsoft Visual Studio Solution File, Format Version 12.00
# Visual Studio Version 16
VisualStudioVersion = 16.0.32413.511
MinimumVisualStudioVersion = 10.0.40219.1
Project("{FAE04EC0-301F-11D3-BF4B-00C04F79EFBC}") = "WebAppSamples01", "WebAppSamples01.csproj", "{B4CF6209-C34C-40F6-B026-0A7AEB19CB1F}"
EndProject
Global
	GlobalSection(SolutionConfigurationPlatforms) = preSolution
		Debug|Any CPU = Debug|Any CPU
		Release|Any CPU = Release|Any CPU
	EndGlobalSection
	GlobalSection(ProjectConfigurationPlatforms) = postSolution
		{B4CF6209-C34C-40F6-B026-0A7AEB19CB1F}.Debug|Any CPU.ActiveCfg = Debug|Any CPU
		{B4CF6209-C34C-40F6-B026-0A7AEB19CB1F}.Debug|Any CPU.Build.0 = Debug|Any CPU
		{B4CF6209-C34C-40F6-B026-0A7AEB19CB1F}.Release|Any CPU.ActiveCfg = Release|Any CPU
		{B4CF6209-C34C-40F6-B026-0A7AEB19CB1F}.Release|Any CPU.Build.0 = Release|Any CPU
	EndGlobalSection
	GlobalSection(SolutionProperties) = preSolution
		HideSolutionNode = FALSE
	EndGlobalSection
	GlobalSection(ExtensibilityGlobals) = postSolution
		SolutionGuid = {693BD439-E386-40C8-B2BB-0C13DDF03251}
	EndGlobalSection
EndGlobal
